
Microsoft Visual Studio Solution File, Format Version 12.00
# Visual Studio Version 17
VisualStudioVersion = 17.11.35312.102
MinimumVisualStudioVersion = 10.0.40219.1
Project("{FAE04EC0-301F-11D3-BF4B-00C04F79EFBC}") = "KB14356_IgbDataChart_Overlap", "KB14356_IgbDataChart_Overlap.csproj", "{57E26752-5369-417E-A186-D98E2877A5FF}"
EndProject
Global
	GlobalSection(SolutionConfigurationPlatforms) = preSolution
		Debug|Any CPU = Debug|Any CPU
		Release|Any CPU = Release|Any CPU
	EndGlobalSection
	GlobalSection(ProjectConfigurationPlatforms) = postSolution
		{57E26752-5369-417E-A186-D98E2877A5FF}.Debug|Any CPU.ActiveCfg = Debug|Any CPU
		{57E26752-5369-417E-A186-D98E2877A5FF}.Debug|Any CPU.Build.0 = Debug|Any CPU
		{57E26752-5369-417E-A186-D98E2877A5FF}.Release|Any CPU.ActiveCfg = Release|Any CPU
		{57E26752-5369-417E-A186-D98E2877A5FF}.Release|Any CPU.Build.0 = Release|Any CPU
	EndGlobalSection
	GlobalSection(SolutionProperties) = preSolution
		HideSolutionNode = FALSE
	EndGlobalSection
	GlobalSection(ExtensibilityGlobals) = postSolution
		SolutionGuid = {4119BF64-AA59-40F5-A404-784AC25558E8}
	EndGlobalSection
EndGlobal
